
Microsoft Visual Studio Solution File, Format Version 12.00
# Visual Studio 2013
VisualStudioVersion = 12.0.40629.0
MinimumVisualStudioVersion = 10.0.40219.1
Project("{FAE04EC0-301F-11D3-BF4B-00C04F79EFBC}") = "MockHttpContext", "MockHttpContext\MockHttpContext.csproj", "{D1E63DD6-E17C-44F9-B182-B2C0ADF9B848}"
EndProject
Project("{FAE04EC0-301F-11D3-BF4B-00C04F79EFBC}") = "MockHttpContext.Tests", "MockHttpContext.Tests\MockHttpContext.Tests.csproj", "{B388AF2F-4109-45F3-8BC4-59D87E3391E3}"
EndProject
Project("{FAE04EC0-301F-11D3-BF4B-00C04F79EFBC}") = "MockHttpContext.MVC.Tests", "MockHttpContext.MVC.Tests\MockHttpContext.MVC.Tests.csproj", "{D4E6A2C7-884F-4ABB-AFFA-94E5E81939EA}"
EndProject
Project("{FAE04EC0-301F-11D3-BF4B-00C04F79EFBC}") = "MockHttpContext.MVC", "MockHttpContext.MVC\MockHttpContext.MVC.csproj", "{BBEABE2C-13ED-484A-B6F9-A218EA446C81}"
EndProject
Project("{FAE04EC0-301F-11D3-BF4B-00C04F79EFBC}") = "MockHttpContext.WebForm", "MockHttpContext.WebForm\MockHttpContext.WebForm.csproj", "{D68DCFF4-6C0D-4E19-8069-6C35D4A1E1A9}"
EndProject
Project("{FAE04EC0-301F-11D3-BF4B-00C04F79EFBC}") = "MockHttpContext.WebForm.Tests", "MockHttpContext.WebForm.Tests\MockHttpContext.WebForm.Tests.csproj", "{F92119DA-63E6-4BE0-94FD-A6001B4D4A11}"
EndProject
Project("{FAE04EC0-301F-11D3-BF4B-00C04F79EFBC}") = "MockHttpContext.WebForm.Presenters", "MockHttpContext.WebForm.Presenters\MockHttpContext.WebForm.Presenters.csproj", "{37576C67-7712-465B-AC7D-0B5B9342868D}"
EndProject
Global
	GlobalSection(SolutionConfigurationPlatforms) = preSolution
		Debug|Any CPU = Debug|Any CPU
		Release|Any CPU = Release|Any CPU
	EndGlobalSection
	GlobalSection(ProjectConfigurationPlatforms) = postSolution
		{D1E63DD6-E17C-44F9-B182-B2C0ADF9B848}.Debug|Any CPU.ActiveCfg = Debug|Any CPU
		{D1E63DD6-E17C-44F9-B182-B2C0ADF9B848}.Debug|Any CPU.Build.0 = Debug|Any CPU
		{D1E63DD6-E17C-44F9-B182-B2C0ADF9B848}.Release|Any CPU.ActiveCfg = Release|Any CPU
		{D1E63DD6-E17C-44F9-B182-B2C0ADF9B848}.Release|Any CPU.Build.0 = Release|Any CPU
		{B388AF2F-4109-45F3-8BC4-59D87E3391E3}.Debug|Any CPU.ActiveCfg = Debug|Any CPU
		{B388AF2F-4109-45F3-8BC4-59D87E3391E3}.Debug|Any CPU.Build.0 = Debug|Any CPU
		{B388AF2F-4109-45F3-8BC4-59D87E3391E3}.Release|Any CPU.ActiveCfg = Release|Any CPU
		{B388AF2F-4109-45F3-8BC4-59D87E3391E3}.Release|Any CPU.Build.0 = Release|Any CPU
		{D4E6A2C7-884F-4ABB-AFFA-94E5E81939EA}.Debug|Any CPU.ActiveCfg = Debug|Any CPU
		{D4E6A2C7-884F-4ABB-AFFA-94E5E81939EA}.Debug|Any CPU.Build.0 = Debug|Any CPU
		{D4E6A2C7-884F-4ABB-AFFA-94E5E81939EA}.Release|Any CPU.ActiveCfg = Release|Any CPU
		{D4E6A2C7-884F-4ABB-AFFA-94E5E81939EA}.Release|Any CPU.Build.0 = Release|Any CPU
		{BBEABE2C-13ED-484A-B6F9-A218EA446C81}.Debug|Any CPU.ActiveCfg = Debug|Any CPU
		{BBEABE2C-13ED-484A-B6F9-A218EA446C81}.Debug|Any CPU.Build.0 = Debug|Any CPU
		{BBEABE2C-13ED-484A-B6F9-A218EA446C81}.Release|Any CPU.ActiveCfg = Release|Any CPU
		{BBEABE2C-13ED-484A-B6F9-A218EA446C81}.Release|Any CPU.Build.0 = Release|Any CPU
		{D68DCFF4-6C0D-4E19-8069-6C35D4A1E1A9}.Debug|Any CPU.ActiveCfg = Debug|Any CPU
		{D68DCFF4-6C0D-4E19-8069-6C35D4A1E1A9}.Debug|Any CPU.Build.0 = Debug|Any CPU
		{D68DCFF4-6C0D-4E19-8069-6C35D4A1E1A9}.Release|Any CPU.ActiveCfg = Release|Any CPU
		{D68DCFF4-6C0D-4E19-8069-6C35D4A1E1A9}.Release|Any CPU.Build.0 = Release|Any CPU
		{F92119DA-63E6-4BE0-94FD-A6001B4D4A11}.Debug|Any CPU.ActiveCfg = Debug|Any CPU
		{F92119DA-63E6-4BE0-94FD-A6001B4D4A11}.Debug|Any CPU.Build.0 = Debug|Any CPU
		{F92119DA-63E6-4BE0-94FD-A6001B4D4A11}.Release|Any CPU.ActiveCfg = Release|Any CPU
		{F92119DA-63E6-4BE0-94FD-A6001B4D4A11}.Release|Any CPU.Build.0 = Release|Any CPU
		{37576C67-7712-465B-AC7D-0B5B9342868D}.Debug|Any CPU.ActiveCfg = Debug|Any CPU
		{37576C67-7712-465B-AC7D-0B5B9342868D}.Debug|Any CPU.Build.0 = Debug|Any CPU
		{37576C67-7712-465B-AC7D-0B5B9342868D}.Release|Any CPU.ActiveCfg = Release|Any CPU
		{37576C67-7712-465B-AC7D-0B5B9342868D}.Release|Any CPU.Build.0 = Release|Any CPU
	EndGlobalSection
	GlobalSection(SolutionProperties) = preSolution
		HideSolutionNode = FALSE
	EndGlobalSection
EndGlobal
